{
  "name": "@bbcommons/bdckit",
  "version": "0.0.0",
  "lockfileVersion": 3,
  "requires": true,
  "packages": {
    "": {
      "name": "@bbcommons/bdckit",
      "version": "0.0.0",
      "license": "GPL-3.0-only",
      "dependencies": {
        "async": "^3.2.4",
        "chalk": "^5.2.0",
        "commander": "^10.0.1",
        "figlet": "^1.6.0",
        "yauzl-promise": "^4.0.0"
      },
      "bin": {
        "bdc": "cli.js"
      }
    },
    "node_modules/@babel/runtime": {
      "version": "7.22.6",
      "resolved": "https://registry.npmjs.org/@babel/runtime/-/runtime-7.22.6.tgz",
      "integrity": "sha512-wDb5pWm4WDdF6LFUde3Jl8WzPA+3ZbxYqkC6xAXuD3irdEHN1k0NfTRrJD8ZD378SJ61miMLCqIOXYhd8x+AJQ==",
      "dependencies": {
        "regenerator-runtime": "^0.13.11"
      },
      "engines": {
        "node": ">=6.9.0"
      }
    },
    "node_modules/@node-rs/crc32": {
      "version": "1.7.0",
      "resolved": "https://registry.npmjs.org/@node-rs/crc32/-/crc32-1.7.0.tgz",
      "integrity": "sha512-cEvvgaA+amK2LO54E3eHFlXg9kqXR27qTRaQjJyW0Ra2x+aAdbio7CICy7JughiYv6f/79FrTpYdtmsW9jkHjA==",
      "engines": {
        "node": ">= 10"
      },
      "funding": {
        "type": "github",
        "url": "https://github.com/sponsors/Brooooooklyn"
      },
      "optionalDependencies": {
        "@node-rs/crc32-android-arm-eabi": "1.7.0",
        "@node-rs/crc32-android-arm64": "1.7.0",
        "@node-rs/crc32-darwin-arm64": "1.7.0",
        "@node-rs/crc32-darwin-x64": "1.7.0",
        "@node-rs/crc32-freebsd-x64": "1.7.0",
        "@node-rs/crc32-linux-arm-gnueabihf": "1.7.0",
        "@node-rs/crc32-linux-arm64-gnu": "1.7.0",
        "@node-rs/crc32-linux-arm64-musl": "1.7.0",
        "@node-rs/crc32-linux-x64-gnu": "1.7.0",
        "@node-rs/crc32-linux-x64-musl": "1.7.0",
        "@node-rs/crc32-win32-arm64-msvc": "1.7.0",
        "@node-rs/crc32-win32-ia32-msvc": "1.7.0",
        "@node-rs/crc32-win32-x64-msvc": "1.7.0"
      }
    },
    "node_modules/@node-rs/crc32-android-arm-eabi": {
      "version": "1.7.0",
      "resolved": "https://registry.npmjs.org/@node-rs/crc32-android-arm-eabi/-/crc32-android-arm-eabi-1.7.0.tgz",
      "integrity": "sha512-a0ligyBGOUT3xcVPo9Ozt2KdrmHFu9jYj2dxqxWFndEM+R6576tOAq2xBIotmpRgKK30KObPz83FFyul1rksbQ==",
      "cpu": [
        "arm"
      ],
      "optional": true,
      "os": [
        "android"
      ],
      "engines": {
        "node": ">= 10"
      }
    },
    "node_modules/@node-rs/crc32-android-arm64": {
      "version": "1.7.0",
      "resolved": "https://registry.npmjs.org/@node-rs/crc32-android-arm64/-/crc32-android-arm64-1.7.0.tgz",
      "integrity": "sha512-UU0vc7mERSd+SbuKU1uuB3t+t2PS89Z2ehmSwqMfFewIPTLno5OkO7VeNdDSp+qrOv0f/mbB+j2LMhYOIxAU9Q==",
      "cpu": [
        "arm64"
      ],
      "optional": true,
      "os": [
        "android"
      ],
      "engines": {
        "node": ">= 10"
      }
    },
    "node_modules/@node-rs/crc32-darwin-arm64": {
      "version": "1.7.0",
      "resolved": "https://registry.npmjs.org/@node-rs/crc32-darwin-arm64/-/crc32-darwin-arm64-1.7.0.tgz",
      "integrity": "sha512-VJVi5VSihwXz2fwkYaxypR+WaqTtNGJlC3UEN+R41ftvpZ8U/tp48hjLGnWcPApAfnhBEOrEvnpH2Tv4+XVW/Q==",
      "cpu": [
        "arm64"
      ],
      "optional": true,
      "os": [
        "darwin"
      ],
      "engines": {
        "node": ">= 10"
      }
    },
    "node_modules/@node-rs/crc32-darwin-x64": {
      "version": "1.7.0",
      "resolved": "https://registry.npmjs.org/@node-rs/crc32-darwin-x64/-/crc32-darwin-x64-1.7.0.tgz",
      "integrity": "sha512-6W6mPsUB5612A3VIOIVOiWsjtV34Efo4DC7+/Hg/l14F0xVh2agJA8wMpq8jByPZNZ+LV3kunCR7HB2hGY68YQ==",
      "cpu": [
        "x64"
      ],
      "optional": true,
      "os": [
        "darwin"
      ],
      "engines": {
        "node": ">= 10"
      }
    },
    "node_modules/@node-rs/crc32-freebsd-x64": {
      "version": "1.7.0",
      "resolved": "https://registry.npmjs.org/@node-rs/crc32-freebsd-x64/-/crc32-freebsd-x64-1.7.0.tgz",
      "integrity": "sha512-Roua2jhneDWnKMRoJI7ruHeiimkrbd6U2c0+S42AgL4Io4177B7+DVZoebHvW0ozuAQFqYj9WE8R/uXU88mcpA==",
      "cpu": [
        "x64"
      ],
      "optional": true,
      "os": [
        "freebsd"
      ],
      "engines": {
        "node": ">= 10"
      }
    },
    "node_modules/@node-rs/crc32-linux-arm-gnueabihf": {
      "version": "1.7.0",
      "resolved": "https://registry.npmjs.org/@node-rs/crc32-linux-arm-gnueabihf/-/crc32-linux-arm-gnueabihf-1.7.0.tgz",
      "integrity": "sha512-6jB+NWDnlcA3tuo9cLCmj2h53btYBurdkHfbcg6RasP0i1c7azE5+J7NXXZyZhUHmzmbf7P+ce6gG3PRQl8ncA==",
      "cpu": [
        "arm"
      ],
      "optional": true,
      "os": [
        "linux"
      ],
      "engines": {
        "node": ">= 10"
      }
    },
    "node_modules/@node-rs/crc32-linux-arm64-gnu": {
      "version": "1.7.0",
      "resolved": "https://registry.npmjs.org/@node-rs/crc32-linux-arm64-gnu/-/crc32-linux-arm64-gnu-1.7.0.tgz",
      "integrity": "sha512-ZrlmD+sEyuDNQ+SibtwCy1dUn0hD7AM2YYovL5qw7sX6moqodloaipAAlDTyah2YGnhPKZMklgR2dxxj5Um1ag==",
      "cpu": [
        "arm64"
      ],
      "optional": true,
      "os": [
        "linux"
      ],
      "engines": {
        "node": ">= 10"
      }
    },
    "node_modules/@node-rs/crc32-linux-arm64-musl": {
      "version": "1.7.0",
      "resolved": "https://registry.npmjs.org/@node-rs/crc32-linux-arm64-musl/-/crc32-linux-arm64-musl-1.7.0.tgz",
      "integrity": "sha512-81s43ZWAB9xxn4lyyjUlLSXKov1iMkS1RBrfgKXGtaVQLHB0c39qYL4rPvSwicEO3DvZsmHKASlGDgTctl5oag==",
      "cpu": [
        "arm64"
      ],
      "optional": true,
      "os": [
        "linux"
      ],
      "engines": {
        "node": ">= 10"
      }
    },
    "node_modules/@node-rs/crc32-linux-x64-gnu": {
      "version": "1.7.0",
      "resolved": "https://registry.npmjs.org/@node-rs/crc32-linux-x64-gnu/-/crc32-linux-x64-gnu-1.7.0.tgz",
      "integrity": "sha512-MpMThABlKf0WDKnJdJ26mUGYTnMOnupNiGKessH93UgyEjq9gZBpbtuXE/9N8PoAl5ItyjjmCsg1g4ZVjuqb6w==",
      "cpu": [
        "x64"
      ],
      "optional": true,
      "os": [
        "linux"
      ],
      "engines": {
        "node": ">= 10"
      }
    },
    "node_modules/@node-rs/crc32-linux-x64-musl": {
      "version": "1.7.0",
      "resolved": "https://registry.npmjs.org/@node-rs/crc32-linux-x64-musl/-/crc32-linux-x64-musl-1.7.0.tgz",
      "integrity": "sha512-9EvPtWTLCsxyuNBz7/uLKDlSowgIHZeQRN/lQhw4ez/r6vKE5VQpS8ZtXlAUcSGoloXNxpZ/6zIcv21J7KWhzQ==",
      "cpu": [
        "x64"
      ],
      "optional": true,
      "os": [
        "linux"
      ],
      "engines": {
        "node": ">= 10"
      }
    },
    "node_modules/@node-rs/crc32-win32-arm64-msvc": {
      "version": "1.7.0",
      "resolved": "https://registry.npmjs.org/@node-rs/crc32-win32-arm64-msvc/-/crc32-win32-arm64-msvc-1.7.0.tgz",
      "integrity": "sha512-i/IC2TrEBJ3tr44leBUejLbfK22EY7s6AWngspLejh81obvC4GUAUPn13HaNBcTtngjWwLX+V+Q97ibmCNEshA==",
      "cpu": [
        "arm64"
      ],
      "optional": true,
      "os": [
        "win32"
      ],
      "engines": {
        "node": ">= 10"
      }
    },
    "node_modules/@node-rs/crc32-win32-ia32-msvc": {
      "version": "1.7.0",
      "resolved": "https://registry.npmjs.org/@node-rs/crc32-win32-ia32-msvc/-/crc32-win32-ia32-msvc-1.7.0.tgz",
      "integrity": "sha512-nI5MiJfPDX0elHE/sDJGNWNlIYLORKRxhPTLvMp3Z+IdiUHu+6BrH21ymCN5ap+k45acUKAUOb7d9ctjN+9jBg==",
      "cpu": [
        "ia32"
      ],
      "optional": true,
      "os": [
        "win32"
      ],
      "engines": {
        "node": ">= 10"
      }
    },
    "node_modules/@node-rs/crc32-win32-x64-msvc": {
      "version": "1.7.0",
      "resolved": "https://registry.npmjs.org/@node-rs/crc32-win32-x64-msvc/-/crc32-win32-x64-msvc-1.7.0.tgz",
      "integrity": "sha512-TdRNLPQ7DCt401nKU0c9ZbG8ITRO9WG7bV3Xgwgd8eK/jvfuqNC0Oy1o8uTzuagUqqAMXuSNbZ2nsDKARTzvHQ==",
      "cpu": [
        "x64"
      ],
      "optional": true,
      "os": [
        "win32"
      ],
      "engines": {
        "node": ">= 10"
      }
    },
    "node_modules/async": {
      "version": "3.2.4",
      "resolved": "https://registry.npmjs.org/async/-/async-3.2.4.tgz",
      "integrity": "sha512-iAB+JbDEGXhyIUavoDl9WP/Jj106Kz9DEn1DPgYw5ruDn0e3Wgi3sKFm55sASdGBNOQB8F59d9qQ7deqrHA8wQ=="
    },
    "node_modules/chalk": {
      "version": "5.2.0",
      "resolved": "https://registry.npmjs.org/chalk/-/chalk-5.2.0.tgz",
      "integrity": "sha512-ree3Gqw/nazQAPuJJEy+avdl7QfZMcUvmHIKgEZkGL+xOBzRvup5Hxo6LHuMceSxOabuJLJm5Yp/92R9eMmMvA==",
      "engines": {
        "node": "^12.17.0 || ^14.13 || >=16.0.0"
      },
      "funding": {
        "url": "https://github.com/chalk/chalk?sponsor=1"
      }
    },
    "node_modules/commander": {
      "version": "10.0.1",
      "resolved": "https://registry.npmjs.org/commander/-/commander-10.0.1.tgz",
      "integrity": "sha512-y4Mg2tXshplEbSGzx7amzPwKKOCGuoSRP/CjEdwwk0FOGlUbq6lKuoyDZTNZkmxHdJtp54hdfY/JUrdL7Xfdug==",
      "engines": {
        "node": ">=14"
      }
    },
    "node_modules/define-properties": {
      "version": "1.2.0",
      "resolved": "https://registry.npmjs.org/define-properties/-/define-properties-1.2.0.tgz",
      "integrity": "sha512-xvqAVKGfT1+UAvPwKTVw/njhdQ8ZhXK4lI0bCIuCMrp2up9nPnaDftrLtmpTazqd1o+UY4zgzU+avtMbDP+ldA==",
      "dependencies": {
        "has-property-descriptors": "^1.0.0",
        "object-keys": "^1.1.1"
      },
      "engines": {
        "node": ">= 0.4"
      },
      "funding": {
        "url": "https://github.com/sponsors/ljharb"
      }
    },
    "node_modules/figlet": {
      "version": "1.6.0",
      "resolved": "https://registry.npmjs.org/figlet/-/figlet-1.6.0.tgz",
      "integrity": "sha512-31EQGhCEITv6+hi2ORRPyn3bulaV9Fl4xOdR169cBzH/n1UqcxsiSB/noo6SJdD7Kfb1Ljit+IgR1USvF/XbdA==",
      "bin": {
        "figlet": "bin/index.js"
      },
      "engines": {
        "node": ">= 0.4.0"
      }
    },
    "node_modules/function-bind": {
      "version": "1.1.1",
      "resolved": "https://registry.npmjs.org/function-bind/-/function-bind-1.1.1.tgz",
      "integrity": "sha512-yIovAzMX49sF8Yl58fSCWJ5svSLuaibPxXQJFLmBObTuCr0Mf1KiPopGM9NiFjiYBCbfaa2Fh6breQ6ANVTI0A=="
    },
    "node_modules/get-intrinsic": {
      "version": "1.2.1",
      "resolved": "https://registry.npmjs.org/get-intrinsic/-/get-intrinsic-1.2.1.tgz",
      "integrity": "sha512-2DcsyfABl+gVHEfCOaTrWgyt+tb6MSEGmKq+kI5HwLbIYgjgmMcV8KQ41uaKz1xxUcn9tJtgFbQUEVcEbd0FYw==",
      "dependencies": {
        "function-bind": "^1.1.1",
        "has": "^1.0.3",
        "has-proto": "^1.0.1",
        "has-symbols": "^1.0.3"
      },
      "funding": {
        "url": "https://github.com/sponsors/ljharb"
      }
    },
    "node_modules/globalthis": {
      "version": "1.0.3",
      "resolved": "https://registry.npmjs.org/globalthis/-/globalthis-1.0.3.tgz",
      "integrity": "sha512-sFdI5LyBiNTHjRd7cGPWapiHWMOXKyuBNX/cWJ3NfzrZQVa8GI/8cofCl74AOVqq9W5kNmguTIzJ/1s2gyI9wA==",
      "dependencies": {
        "define-properties": "^1.1.3"
      },
      "engines": {
        "node": ">= 0.4"
      },
      "funding": {
        "url": "https://github.com/sponsors/ljharb"
      }
    },
    "node_modules/has": {
      "version": "1.0.3",
      "resolved": "https://registry.npmjs.org/has/-/has-1.0.3.tgz",
      "integrity": "sha512-f2dvO0VU6Oej7RkWJGrehjbzMAjFp5/VKPp5tTpWIV4JHHZK1/BxbFRtf/siA2SWTe09caDmVtYYzWEIbBS4zw==",
      "dependencies": {
        "function-bind": "^1.1.1"
      },
      "engines": {
        "node": ">= 0.4.0"
      }
    },
    "node_modules/has-property-descriptors": {
      "version": "1.0.0",
      "resolved": "https://registry.npmjs.org/has-property-descriptors/-/has-property-descriptors-1.0.0.tgz",
      "integrity": "sha512-62DVLZGoiEBDHQyqG4w9xCuZ7eJEwNmJRWw2VY84Oedb7WFcA27fiEVe8oUQx9hAUJ4ekurquucTGwsyO1XGdQ==",
      "dependencies": {
        "get-intrinsic": "^1.1.1"
      },
      "funding": {
        "url": "https://github.com/sponsors/ljharb"
      }
    },
    "node_modules/has-proto": {
      "version": "1.0.1",
      "resolved": "https://registry.npmjs.org/has-proto/-/has-proto-1.0.1.tgz",
      "integrity": "sha512-7qE+iP+O+bgF9clE5+UoBFzE65mlBiVj3tKCrlNQ0Ogwm0BjpT/gK4SlLYDMybDh5I3TCTKnPPa0oMG7JDYrhg==",
      "engines": {
        "node": ">= 0.4"
      },
      "funding": {
        "url": "https://github.com/sponsors/ljharb"
      }
    },
    "node_modules/has-symbols": {
      "version": "1.0.3",
      "resolved": "https://registry.npmjs.org/has-symbols/-/has-symbols-1.0.3.tgz",
      "integrity": "sha512-l3LCuF6MgDNwTDKkdYGEihYjt5pRPbEg46rtlmnSPlUbgmB8LOIrKJbYYFBSbnPaJexMKtiPO8hmeRjRz2Td+A==",
      "engines": {
        "node": ">= 0.4"
      },
      "funding": {
        "url": "https://github.com/sponsors/ljharb"
      }
    },
    "node_modules/is-it-type": {
      "version": "5.1.2",
      "resolved": "https://registry.npmjs.org/is-it-type/-/is-it-type-5.1.2.tgz",
      "integrity": "sha512-q/gOZQTNYABAxaXWnBKZjTFH4yACvWEFtgVOj+LbgxYIgAJG1xVmUZOsECSrZPIemYUQvaQWVilSFVbh4Eyt8A==",
      "dependencies": {
        "@babel/runtime": "^7.16.7",
        "globalthis": "^1.0.2"
      },
      "engines": {
        "node": ">=12"
      }
    },
    "node_modules/object-keys": {
      "version": "1.1.1",
      "resolved": "https://registry.npmjs.org/object-keys/-/object-keys-1.1.1.tgz",
      "integrity": "sha512-NuAESUOUMrlIXOfHKzD6bpPu3tYt3xvjNdRIQ+FeT0lNb4K8WR70CaDxhuNguS2XG+GjkyMwOzsN5ZktImfhLA==",
      "engines": {
        "node": ">= 0.4"
      }
    },
    "node_modules/regenerator-runtime": {
      "version": "0.13.11",
      "resolved": "https://registry.npmjs.org/regenerator-runtime/-/regenerator-runtime-0.13.11.tgz",
      "integrity": "sha512-kY1AZVr2Ra+t+piVaJ4gxaFaReZVH40AKNo7UCX6W+dEwBo/2oZJzqfuN1qLq1oL45o56cPaTXELwrTh8Fpggg=="
    },
    "node_modules/simple-invariant": {
      "version": "2.0.1",
      "resolved": "https://registry.npmjs.org/simple-invariant/-/simple-invariant-2.0.1.tgz",
      "integrity": "sha512-1sbhsxqI+I2tqlmjbz99GXNmZtr6tKIyEgGGnJw/MKGblalqk/XoOYYFJlBzTKZCxx8kLaD3FD5s9BEEjx5Pyg==",
      "engines": {
        "node": ">=10"
      }
    },
    "node_modules/yauzl-promise": {
      "version": "4.0.0",
      "resolved": "https://registry.npmjs.org/yauzl-promise/-/yauzl-promise-4.0.0.tgz",
      "integrity": "sha512-/HCXpyHXJQQHvFq9noqrjfa/WpQC2XYs3vI7tBiAi4QiIU1knvYhZGaO1QPjwIVMdqflxbmwgMXtYeaRiAE0CA==",
      "dependencies": {
        "@node-rs/crc32": "^1.7.0",
        "is-it-type": "^5.1.2",
        "simple-invariant": "^2.0.1"
      },
      "engines": {
        "node": ">=16"
      }
    }
  }
}
